<?xml version="1.0" encoding="utf-8"?>
<Project ToolsVersion="4.0" xmlns="http://schemas.microsoft.com/developer/msbuild/2003">
  <ItemGroup>
    <Filter Include="Framework">
      <UniqueIdentifier>{4FC737F1-C7A5-4376-A066-2A32D752A2FF}</UniqueIdentifier>
      <Extensions>cpp;c;cc;cxx;c++;cppm;ixx;def;odl;idl;hpj;bat;asm;asmx</Extensions>
    </Filter>
    <Filter Include="Convex">
      <UniqueIdentifier>{d39734fe-505a-4672-b456-fdd939301179}</UniqueIdentifier>
    </Filter>
  </ItemGroup>
  <ItemGroup>
    <ClCompile Include="Main_Windows.cpp">
      <Filter>Framework</Filter>
    </ClCompile>
    <ClCompile Include="App.cpp">
      <Filter>Framework</Filter>
    </ClCompile>
    <ClCompile Include="Game.cpp">
      <Filter>Framework</Filter>
    </ClCompile>
    <ClCompile Include="GameCommon.cpp">
      <Filter>Framework</Filter>
    </ClCompile>
    <ClCompile Include="ConvexObject2.cpp">
      <Filter>Convex</Filter>
    </ClCompile>
    <ClCompile Include="ConvexScene.cpp">
      <Filter>Convex</Filter>
    </ClCompile>
    <ClCompile Include="SceneEditor.cpp">
      <Filter>Convex</Filter>
    </ClCompile>
  </ItemGroup>
  <ItemGroup>
    <ClInclude Include="App.hpp">
      <Filter>Framework</Filter>
    </ClInclude>
    <ClInclude Include="Game.hpp">
      <Filter>Framework</Filter>
    </ClInclude>
    <ClInclude Include="GameCommon.hpp">
      <Filter>Framework</Filter>
    </ClInclude>
    <ClInclude Include="EngineBuildPreferences.hpp">
      <Filter>Framework</Filter>
    </ClInclude>
    <ClInclude Include="ConvexObject2.hpp">
      <Filter>Convex</Filter>
    </ClInclude>
    <ClInclude Include="ConvexScene.hpp">
      <Filter>Convex</Filter>
    </ClInclude>
    <ClInclude Include="SceneEditor.hpp">
      <Filter>Convex</Filter>
    </ClInclude>
  </ItemGroup>
</Project>