<?xml version="1.0" encoding="utf-8"?>
<Project ToolsVersion="4.0" xmlns="http://schemas.microsoft.com/developer/msbuild/2003">
  <ItemGroup>
    <Filter Include="Framework">
      <UniqueIdentifier>{4FC737F1-C7A5-4376-A066-2A32D752A2FF}</UniqueIdentifier>
      <Extensions>cpp;c;cc;cxx;c++;cppm;ixx;def;odl;idl;hpj;bat;asm;asmx</Extensions>
    </Filter>
    <Filter Include="GameMode">
      <UniqueIdentifier>{5a37b086-5b66-48fc-84d2-c1bfea4c6601}</UniqueIdentifier>
    </Filter>
    <Filter Include="Obstacles">
      <UniqueIdentifier>{9be7c4de-d393-435f-8839-d56f37f9fb7c}</UniqueIdentifier>
    </Filter>
    <Filter Include="3DTestShapes">
      <UniqueIdentifier>{a6dc6224-e932-4629-83aa-fb393c059467}</UniqueIdentifier>
    </Filter>
  </ItemGroup>
  <ItemGroup>
    <ClCompile Include="Main_Windows.cpp">
      <Filter>Framework</Filter>
    </ClCompile>
    <ClCompile Include="App.cpp">
      <Filter>Framework</Filter>
    </ClCompile>
    <ClCompile Include="Game.cpp">
      <Filter>Framework</Filter>
    </ClCompile>
    <ClCompile Include="GameCommon.cpp">
      <Filter>Framework</Filter>
    </ClCompile>
    <ClCompile Include="RaycastAtrrow.cpp">
      <Filter>Framework</Filter>
    </ClCompile>
    <ClCompile Include="GameNearestPoint.cpp">
      <Filter>GameMode</Filter>
    </ClCompile>
    <ClCompile Include="GameRaycastVsDiscs.cpp">
      <Filter>GameMode</Filter>
    </ClCompile>
    <ClCompile Include="GameRaycastVsLineSeg.cpp">
      <Filter>GameMode</Filter>
    </ClCompile>
    <ClCompile Include="GameRaycastVsAABB2D.cpp">
      <Filter>GameMode</Filter>
    </ClCompile>
    <ClCompile Include="LineSegObstacle.cpp">
      <Filter>Obstacles</Filter>
    </ClCompile>
    <ClCompile Include="DiscObstacle.cpp">
      <Filter>Obstacles</Filter>
    </ClCompile>
    <ClCompile Include="AABBObstacle.cpp">
      <Filter>Obstacles</Filter>
    </ClCompile>
    <ClCompile Include="Game3DTestShapes.cpp">
      <Filter>GameMode</Filter>
    </ClCompile>
    <ClCompile Include="Shape.cpp">
      <Filter>3DTestShapes</Filter>
    </ClCompile>
    <ClCompile Include="Sphere.cpp">
      <Filter>3DTestShapes</Filter>
    </ClCompile>
    <ClCompile Include="Player.cpp">
      <Filter>3DTestShapes</Filter>
    </ClCompile>
    <ClCompile Include="Entity.cpp">
      <Filter>3DTestShapes</Filter>
    </ClCompile>
    <ClCompile Include="Box3D.cpp">
      <Filter>3DTestShapes</Filter>
    </ClCompile>
    <ClCompile Include="ZCylinder.cpp">
      <Filter>3DTestShapes</Filter>
    </ClCompile>
  </ItemGroup>
  <ItemGroup>
    <ClInclude Include="App.hpp">
      <Filter>Framework</Filter>
    </ClInclude>
    <ClInclude Include="Game.hpp">
      <Filter>Framework</Filter>
    </ClInclude>
    <ClInclude Include="GameCommon.hpp">
      <Filter>Framework</Filter>
    </ClInclude>
    <ClInclude Include="EngineBuildPreferences.hpp">
      <Filter>Framework</Filter>
    </ClInclude>
    <ClInclude Include="RaycastAtrrow.hpp">
      <Filter>Framework</Filter>
    </ClInclude>
    <ClInclude Include="GameNearestPoint.hpp">
      <Filter>GameMode</Filter>
    </ClInclude>
    <ClInclude Include="GameRaycastVsAABB2D.hpp">
      <Filter>GameMode</Filter>
    </ClInclude>
    <ClInclude Include="GameRaycastVsDiscs.hpp">
      <Filter>GameMode</Filter>
    </ClInclude>
    <ClInclude Include="GameRaycastVsLineSeg.hpp">
      <Filter>GameMode</Filter>
    </ClInclude>
    <ClInclude Include="LineSegObstacle.hpp">
      <Filter>Obstacles</Filter>
    </ClInclude>
    <ClInclude Include="DiscObstacle.hpp">
      <Filter>Obstacles</Filter>
    </ClInclude>
    <ClInclude Include="AABBObstacle.hpp">
      <Filter>Obstacles</Filter>
    </ClInclude>
    <ClInclude Include="Game3DTestShapes.hpp">
      <Filter>GameMode</Filter>
    </ClInclude>
    <ClInclude Include="Shape.hpp">
      <Filter>3DTestShapes</Filter>
    </ClInclude>
    <ClInclude Include="Sphere.hpp">
      <Filter>3DTestShapes</Filter>
    </ClInclude>
    <ClInclude Include="Player.hpp">
      <Filter>3DTestShapes</Filter>
    </ClInclude>
    <ClInclude Include="Entity.hpp">
      <Filter>3DTestShapes</Filter>
    </ClInclude>
    <ClInclude Include="Box3D.hpp">
      <Filter>3DTestShapes</Filter>
    </ClInclude>
    <ClInclude Include="ZCylinder.hpp">
      <Filter>3DTestShapes</Filter>
    </ClInclude>
  </ItemGroup>
</Project>