<?xml version="1.0" encoding="utf-8"?>
<Project ToolsVersion="4.0" xmlns="http://schemas.microsoft.com/developer/msbuild/2003">
  <ItemGroup>
    <Filter Include="Framework">
      <UniqueIdentifier>{4FC737F1-C7A5-4376-A066-2A32D752A2FF}</UniqueIdentifier>
      <Extensions>cpp;c;cc;cxx;c++;cppm;ixx;def;odl;idl;hpj;bat;asm;asmx</Extensions>
    </Filter>
    <Filter Include="Gameplay">
      <UniqueIdentifier>{62189abf-f4ae-413d-a911-922983898360}</UniqueIdentifier>
    </Filter>
    <Filter Include="Shaders">
      <UniqueIdentifier>{9c74b158-6e45-4f42-ba86-eaf99a61be9f}</UniqueIdentifier>
    </Filter>
    <Filter Include="MinerStruct">
      <UniqueIdentifier>{fdfd2454-b405-41f7-ba17-6f8d4d193704}</UniqueIdentifier>
    </Filter>
    <Filter Include="Defs">
      <UniqueIdentifier>{9388f492-77d5-40e0-95dd-acb68af5c7ce}</UniqueIdentifier>
    </Filter>
    <Filter Include="DefFiles">
      <UniqueIdentifier>{da351c4b-7932-402c-98a6-61a4ba85619a}</UniqueIdentifier>
    </Filter>
    <Filter Include="Multi-threading">
      <UniqueIdentifier>{d0a424a4-32f0-497c-8acc-54c3d56e7d65}</UniqueIdentifier>
    </Filter>
    <Filter Include="PCG">
      <UniqueIdentifier>{b91d38fc-4ce7-423e-91f8-e73337e68527}</UniqueIdentifier>
    </Filter>
    <Filter Include="Controller">
      <UniqueIdentifier>{d33c465b-4763-45fc-868f-11b31707354e}</UniqueIdentifier>
    </Filter>
    <Filter Include="Sky">
      <UniqueIdentifier>{108aa15e-56fe-454d-ba61-99129b6c9eea}</UniqueIdentifier>
    </Filter>
  </ItemGroup>
  <ItemGroup>
    <ClCompile Include="Main_Windows.cpp">
      <Filter>Framework</Filter>
    </ClCompile>
    <ClCompile Include="App.cpp">
      <Filter>Framework</Filter>
    </ClCompile>
    <ClCompile Include="Game.cpp">
      <Filter>Framework</Filter>
    </ClCompile>
    <ClCompile Include="GameCommon.cpp">
      <Filter>Framework</Filter>
    </ClCompile>
    <ClCompile Include="Entity.cpp">
      <Filter>Gameplay</Filter>
    </ClCompile>
    <ClCompile Include="Player.cpp">
      <Filter>Gameplay</Filter>
    </ClCompile>
    <ClCompile Include="Prop.cpp">
      <Filter>Gameplay</Filter>
    </ClCompile>
    <ClCompile Include="BlockDefinition.cpp">
      <Filter>Defs</Filter>
    </ClCompile>
    <ClCompile Include="Chunk.cpp">
      <Filter>MinerStruct</Filter>
    </ClCompile>
    <ClCompile Include="World.cpp">
      <Filter>MinerStruct</Filter>
    </ClCompile>
    <ClCompile Include="BlockIterator.cpp">
      <Filter>Gameplay</Filter>
    </ClCompile>
    <ClCompile Include="GenerateChunkJob.cpp">
      <Filter>Multi-threading</Filter>
    </ClCompile>
    <ClCompile Include="ChunkFileIO.cpp">
      <Filter>Multi-threading</Filter>
    </ClCompile>
    <ClCompile Include="SaveChunkJob.cpp">
      <Filter>Multi-threading</Filter>
    </ClCompile>
    <ClCompile Include="LoadChunkJob.cpp">
      <Filter>Multi-threading</Filter>
    </ClCompile>
    <ClCompile Include="TerrainGenerator.cpp">
      <Filter>PCG</Filter>
    </ClCompile>
    <ClCompile Include="TerrainConfig.cpp">
      <Filter>PCG</Filter>
    </ClCompile>
    <ClCompile Include="TerrainSpline.cpp">
      <Filter>PCG</Filter>
    </ClCompile>
    <ClCompile Include="Curve1D.cpp">
      <Filter>PCG</Filter>
    </ClCompile>
    <ClCompile Include="BiomeTypes.cpp">
      <Filter>PCG</Filter>
    </ClCompile>
    <ClCompile Include="Block.cpp">
      <Filter>Framework</Filter>
    </ClCompile>
    <ClCompile Include="GameCamera.cpp">
      <Filter>Gameplay</Filter>
    </ClCompile>
    <ClCompile Include="PlayerController.cpp">
      <Filter>Controller</Filter>
    </ClCompile>
    <ClCompile Include="InputController_SpectatorMode.cpp">
      <Filter>Controller</Filter>
    </ClCompile>
    <ClCompile Include="InputController_PlayerMode.cpp">
      <Filter>Controller</Filter>
    </ClCompile>
    <ClCompile Include="ProceduralSky.cpp">
      <Filter>Sky</Filter>
    </ClCompile>
  </ItemGroup>
  <ItemGroup>
    <ClInclude Include="App.hpp">
      <Filter>Framework</Filter>
    </ClInclude>
    <ClInclude Include="Game.hpp">
      <Filter>Framework</Filter>
    </ClInclude>
    <ClInclude Include="GameCommon.hpp">
      <Filter>Framework</Filter>
    </ClInclude>
    <ClInclude Include="EngineBuildPreferences.hpp">
      <Filter>Framework</Filter>
    </ClInclude>
    <ClInclude Include="Entity.hpp">
      <Filter>Gameplay</Filter>
    </ClInclude>
    <ClInclude Include="Player.hpp">
      <Filter>Gameplay</Filter>
    </ClInclude>
    <ClInclude Include="Prop.hpp">
      <Filter>Gameplay</Filter>
    </ClInclude>
    <ClInclude Include="Block.hpp">
      <Filter>MinerStruct</Filter>
    </ClInclude>
    <ClInclude Include="BlockDefinition.hpp">
      <Filter>Defs</Filter>
    </ClInclude>
    <ClInclude Include="Chunk.hpp">
      <Filter>MinerStruct</Filter>
    </ClInclude>
    <ClInclude Include="World.hpp">
      <Filter>MinerStruct</Filter>
    </ClInclude>
    <ClInclude Include="BlockIterator.hpp">
      <Filter>Gameplay</Filter>
    </ClInclude>
    <ClInclude Include="GenerateChunkJob.hpp">
      <Filter>Multi-threading</Filter>
    </ClInclude>
    <ClInclude Include="LoadChunkJob.hpp">
      <Filter>Multi-threading</Filter>
    </ClInclude>
    <ClInclude Include="SaveChunkJob.hpp">
      <Filter>Multi-threading</Filter>
    </ClInclude>
    <ClInclude Include="ChunkFileIO.hpp">
      <Filter>Multi-threading</Filter>
    </ClInclude>
    <ClInclude Include="TerrainConfig.hpp">
      <Filter>PCG</Filter>
    </ClInclude>
    <ClInclude Include="TerrainGenerator.hpp">
      <Filter>PCG</Filter>
    </ClInclude>
    <ClInclude Include="TerrainSpline.hpp">
      <Filter>PCG</Filter>
    </ClInclude>
    <ClInclude Include="Curve1D.hpp">
      <Filter>PCG</Filter>
    </ClInclude>
    <ClInclude Include="BiomeTypes.hpp">
      <Filter>PCG</Filter>
    </ClInclude>
    <ClInclude Include="BiomeRangeTables.hpp">
      <Filter>PCG</Filter>
    </ClInclude>
    <ClInclude Include="TreeGenerator.hpp">
      <Filter>PCG</Filter>
    </ClInclude>
    <ClInclude Include="GameRaycastResult3D.hpp">
      <Filter>Gameplay</Filter>
    </ClInclude>
    <ClInclude Include="GameCamera.hpp">
      <Filter>Gameplay</Filter>
    </ClInclude>
    <ClInclude Include="InputController.hpp">
      <Filter>Controller</Filter>
    </ClInclude>
    <ClInclude Include="InputController_PlayerMode.hpp">
      <Filter>Controller</Filter>
    </ClInclude>
    <ClInclude Include="InputController_SpectatorMode.hpp">
      <Filter>Controller</Filter>
    </ClInclude>
    <ClInclude Include="PlayerController.hpp">
      <Filter>Controller</Filter>
    </ClInclude>
    <ClInclude Include="ProceduralSky.hpp">
      <Filter>Sky</Filter>
    </ClInclude>
  </ItemGroup>
  <ItemGroup>
    <FxCompile Include="..\..\Run\Data\Shaders\CubeSkyBox.hlsl">
      <Filter>Shaders</Filter>
    </FxCompile>
    <FxCompile Include="..\..\Run\Data\Shaders\Diffuse.hlsl">
      <Filter>Shaders</Filter>
    </FxCompile>
    <FxCompile Include="..\..\Run\Data\Shaders\WorldShader.hlsl">
      <Filter>Shaders</Filter>
    </FxCompile>
    <FxCompile Include="..\..\Run\Data\Shaders\WaterScreenSpace.hlsl">
      <Filter>Shaders</Filter>
    </FxCompile>
    <FxCompile Include="..\..\Run\Data\Shaders\DX11BlinnPhong.hlsl">
      <Filter>Shaders</Filter>
    </FxCompile>
    <FxCompile Include="..\..\Run\Data\Shaders\ProceduralSky.hlsl">
      <Filter>Shaders</Filter>
    </FxCompile>
    <FxCompile Include="..\..\Run\Data\Shaders\WaterScreenSpace2.hlsl">
      <Filter>Shaders</Filter>
    </FxCompile>
  </ItemGroup>
  <ItemGroup>
    <Xml Include="..\..\Run\Data\Definitions\BlockSpriteSheet_BlockDefinitions.xml">
      <Filter>DefFiles</Filter>
    </Xml>
    <Xml Include="..\..\Run\Data\GameConfig.xml">
      <Filter>DefFiles</Filter>
    </Xml>
  </ItemGroup>
</Project>