<?xml version="1.0" encoding="utf-8"?>
<Project ToolsVersion="4.0" xmlns="http://schemas.microsoft.com/developer/msbuild/2003">
  <ItemGroup>
    <Filter Include="Framework">
      <UniqueIdentifier>{4FC737F1-C7A5-4376-A066-2A32D752A2FF}</UniqueIdentifier>
      <Extensions>cpp;c;cc;cxx;c++;cppm;ixx;def;odl;idl;hpj;bat;asm;asmx</Extensions>
    </Filter>
    <Filter Include="SandboxMode">
      <UniqueIdentifier>{e382f90c-715d-4fc6-8317-9a6ff68e03cb}</UniqueIdentifier>
    </Filter>
    <Filter Include="CellMaterial">
      <UniqueIdentifier>{59d52b49-9772-4ac0-a1eb-8f745964c73e}</UniqueIdentifier>
    </Filter>
    <Filter Include="RigidBody">
      <UniqueIdentifier>{9d307c1d-097b-43bf-8e95-4d97a3f4675d}</UniqueIdentifier>
    </Filter>
    <Filter Include="Jobs">
      <UniqueIdentifier>{04c40fde-e1ac-4394-b98e-5a98010958a3}</UniqueIdentifier>
    </Filter>
    <Filter Include="WangTileMapMode">
      <UniqueIdentifier>{0bbbf371-aa67-4bc0-a90e-89bd72f77c74}</UniqueIdentifier>
    </Filter>
    <Filter Include="Utils">
      <UniqueIdentifier>{adae1ccc-0257-4bc8-8fc1-edcfe2891511}</UniqueIdentifier>
    </Filter>
    <Filter Include="Nova2D">
      <UniqueIdentifier>{79c45180-0c30-48d7-86b2-df21d4a6349e}</UniqueIdentifier>
    </Filter>
    <Filter Include="WangTileMapMode\HerringboneTileStruct">
      <UniqueIdentifier>{6c8f1428-ae79-4d96-9c1d-4b1ebd6463d1}</UniqueIdentifier>
    </Filter>
    <Filter Include="Nova2D\Nova2DShaders">
      <UniqueIdentifier>{1d8aaa62-51ef-432e-b6e2-7c7b90600d4d}</UniqueIdentifier>
    </Filter>
    <Filter Include="Nova2D\Nova2DEditor">
      <UniqueIdentifier>{75ad34ee-4ae7-47e9-8c3b-e11069e466ff}</UniqueIdentifier>
    </Filter>
    <Filter Include="WorldMode">
      <UniqueIdentifier>{71533931-a9e9-46dd-8db0-08fcb8270d08}</UniqueIdentifier>
    </Filter>
    <Filter Include="WangTileMapMode\Region">
      <UniqueIdentifier>{5c0e6e51-feae-4113-87c5-37202c0dafc4}</UniqueIdentifier>
    </Filter>
    <Filter Include="ConfigFiles">
      <UniqueIdentifier>{6aa74e80-1e34-402d-8c39-15e987538246}</UniqueIdentifier>
    </Filter>
    <Filter Include="ConfigFiles\RegionConfigs">
      <UniqueIdentifier>{73c76f9a-9b30-4ac6-97dc-b0c0fd20ff2f}</UniqueIdentifier>
    </Filter>
    <Filter Include="WangTileMapMode\Region\RegionDef">
      <UniqueIdentifier>{5702c091-7450-4f4a-bd92-f3c983120bf8}</UniqueIdentifier>
    </Filter>
    <Filter Include="UI">
      <UniqueIdentifier>{f3ab5b77-04e3-4a36-b69b-f7162a8e35fd}</UniqueIdentifier>
    </Filter>
    <Filter Include="RigidBody\WorldMode">
      <UniqueIdentifier>{d6df368a-db19-4461-9d98-8241dbfde728}</UniqueIdentifier>
    </Filter>
    <Filter Include="RigidBody\SandboxMode">
      <UniqueIdentifier>{7b36f012-a0d2-44a1-98c2-5e4ef4d147bc}</UniqueIdentifier>
    </Filter>
    <Filter Include="Nova2D\GPU">
      <UniqueIdentifier>{77d8a0e4-4688-48eb-afca-1b4f8b1f2b85}</UniqueIdentifier>
    </Filter>
    <Filter Include="Nova2D\Nova2DShaders\CS">
      <UniqueIdentifier>{1ebbb500-d4bb-4111-9735-542c4be32497}</UniqueIdentifier>
    </Filter>
    <Filter Include="Nova2D\EmitterNew">
      <UniqueIdentifier>{8b004906-0091-4a29-94cb-34be84d8745f}</UniqueIdentifier>
    </Filter>
    <Filter Include="Nova2D\Nova2DShaders\CS\header">
      <UniqueIdentifier>{49b7976b-b7a7-4058-9fcc-ce47a42f677c}</UniqueIdentifier>
    </Filter>
    <Filter Include="Shaders">
      <UniqueIdentifier>{405bbc2c-7ab6-466e-b0e2-129c03dff191}</UniqueIdentifier>
    </Filter>
    <Filter Include="Shaders\Bloom">
      <UniqueIdentifier>{7eed29cb-4617-4fab-b716-29e6cb257b6d}</UniqueIdentifier>
    </Filter>
    <Filter Include="WorldMode\ParrallaxBkg">
      <UniqueIdentifier>{fc4b6b1d-3472-4a3b-a2b3-5ca3648e29b7}</UniqueIdentifier>
    </Filter>
  </ItemGroup>
  <ItemGroup>
    <ClCompile Include="Main_Windows.cpp">
      <Filter>Framework</Filter>
    </ClCompile>
    <ClCompile Include="App.cpp">
      <Filter>Framework</Filter>
    </ClCompile>
    <ClCompile Include="Game.cpp">
      <Filter>Framework</Filter>
    </ClCompile>
    <ClCompile Include="GameCommon.cpp">
      <Filter>Framework</Filter>
    </ClCompile>
    <ClCompile Include="SandboxMap.cpp">
      <Filter>SandboxMode</Filter>
    </ClCompile>
    <ClCompile Include="SandboxPlayer.cpp">
      <Filter>SandboxMode</Filter>
    </ClCompile>
    <ClCompile Include="CellMatManager.cpp">
      <Filter>CellMaterial</Filter>
    </ClCompile>
    <ClCompile Include="SandboxUI.cpp">
      <Filter>SandboxMode</Filter>
    </ClCompile>
    <ClCompile Include="CellChunk.cpp">
      <Filter>CellMaterial</Filter>
    </ClCompile>
    <ClCompile Include="CellBehaviorSystemInChunk.cpp">
      <Filter>CellMaterial</Filter>
    </ClCompile>
    <ClCompile Include="Box2DShapeBuilder.cpp">
      <Filter>RigidBody</Filter>
    </ClCompile>
    <ClCompile Include="RigidBodyObject.cpp">
      <Filter>RigidBody</Filter>
    </ClCompile>
    <ClCompile Include="ChunkUpdateJob.cpp">
      <Filter>Jobs</Filter>
    </ClCompile>
    <ClCompile Include="WangTileMap.cpp">
      <Filter>WangTileMapMode</Filter>
    </ClCompile>
    <ClCompile Include="BaseMap.cpp">
      <Filter>Framework</Filter>
    </ClCompile>
    <ClCompile Include="CellBehaviorSystem.cpp">
      <Filter>CellMaterial</Filter>
    </ClCompile>
    <ClCompile Include="BasePlayer.cpp">
      <Filter>Framework</Filter>
    </ClCompile>
    <ClCompile Include="SampleImageUtils.cpp">
      <Filter>Utils</Filter>
    </ClCompile>
    <ClCompile Include="Nova2D\Nova2DSystem.cpp">
      <Filter>Nova2D</Filter>
    </ClCompile>
    <ClCompile Include="HerringboneTile.cpp">
      <Filter>WangTileMapMode\HerringboneTileStruct</Filter>
    </ClCompile>
    <ClCompile Include="HerringboneTileset.cpp">
      <Filter>WangTileMapMode\HerringboneTileStruct</Filter>
    </ClCompile>
    <ClCompile Include="HerringboneMapGenerator.cpp">
      <Filter>WangTileMapMode\HerringboneTileStruct</Filter>
    </ClCompile>
    <ClCompile Include="Nova2D\Nova2DEmitter.cpp">
      <Filter>Nova2D</Filter>
    </ClCompile>
    <ClCompile Include="Nova2D\Nova2DParticle.cpp">
      <Filter>Nova2D</Filter>
    </ClCompile>
    <ClCompile Include="Nova2DTestMap.cpp">
      <Filter>Nova2D\Nova2DEditor</Filter>
    </ClCompile>
    <ClCompile Include="SuperChunk.cpp">
      <Filter>CellMaterial</Filter>
    </ClCompile>
    <ClCompile Include="GameMap.cpp">
      <Filter>WorldMode</Filter>
    </ClCompile>
    <ClCompile Include="GameMapDebugRenderer.cpp">
      <Filter>WorldMode</Filter>
    </ClCompile>
    <ClCompile Include="GamePlayer.cpp">
      <Filter>WorldMode</Filter>
    </ClCompile>
    <ClCompile Include="RegionBounds.cpp">
      <Filter>WangTileMapMode\Region</Filter>
    </ClCompile>
    <ClCompile Include="RegionGenerationData.cpp">
      <Filter>WangTileMapMode\Region</Filter>
    </ClCompile>
    <ClCompile Include="RegionManager.cpp">
      <Filter>WangTileMapMode\Region</Filter>
    </ClCompile>
    <ClCompile Include="HerringboneMapGenerator_v2.cpp">
      <Filter>WangTileMapMode\Region</Filter>
    </ClCompile>
    <ClCompile Include="RegionGenerationData_v2.cpp">
      <Filter>WangTileMapMode\Region</Filter>
    </ClCompile>
    <ClCompile Include="RegionDefinition.cpp">
      <Filter>WangTileMapMode\Region\RegionDef</Filter>
    </ClCompile>
    <ClCompile Include="RegionDefinitionLoader.cpp">
      <Filter>WangTileMapMode\Region\RegionDef</Filter>
    </ClCompile>
    <ClCompile Include="ConfigDrivenCellGenerator.cpp">
      <Filter>WangTileMapMode\Region</Filter>
    </ClCompile>
    <ClCompile Include="ChunkPhysUpdateJob.cpp">
      <Filter>Jobs</Filter>
    </ClCompile>
    <ClCompile Include="ChunkRebuildVertsJob.cpp">
      <Filter>Jobs</Filter>
    </ClCompile>
    <ClCompile Include="ChunkResetUpdateFlagJob.cpp">
      <Filter>Jobs</Filter>
    </ClCompile>
    <ClCompile Include="ChunkChemicalUpdateJob.cpp">
      <Filter>Jobs</Filter>
    </ClCompile>
    <ClCompile Include="RigidbodyManager.cpp">
      <Filter>RigidBody\SandboxMode</Filter>
    </ClCompile>
    <ClCompile Include="RigidBodyObjectPool.cpp">
      <Filter>RigidBody\WorldMode</Filter>
    </ClCompile>
    <ClCompile Include="ChunkRigidBodyManager.cpp">
      <Filter>RigidBody\WorldMode</Filter>
    </ClCompile>
    <ClCompile Include="Box2DDebugDrawManager.cpp">
      <Filter>RigidBody</Filter>
    </ClCompile>
    <ClCompile Include="ChunkRigidBodyDetectionJob.cpp">
      <Filter>Jobs</Filter>
    </ClCompile>
    <ClCompile Include="Nova2D\Nova2DGPUBuffers.cpp">
      <Filter>Nova2D\GPU</Filter>
    </ClCompile>
    <ClCompile Include="Nova2D\Nova2DEmitterDefinition.cpp">
      <Filter>Nova2D\EmitterNew</Filter>
    </ClCompile>
    <ClCompile Include="Nova2D\Nova2DEmitterInstance.cpp">
      <Filter>Nova2D\EmitterNew</Filter>
    </ClCompile>
    <ClCompile Include="CellDataCollectJob.cpp">
      <Filter>Jobs</Filter>
    </ClCompile>
    <ClCompile Include="ParallaxBackground.cpp">
      <Filter>WorldMode\ParrallaxBkg</Filter>
    </ClCompile>
    <ClCompile Include="ParallaxLayer.cpp">
      <Filter>WorldMode\ParrallaxBkg</Filter>
    </ClCompile>
  </ItemGroup>
  <ItemGroup>
    <ClInclude Include="App.hpp">
      <Filter>Framework</Filter>
    </ClInclude>
    <ClInclude Include="Game.hpp">
      <Filter>Framework</Filter>
    </ClInclude>
    <ClInclude Include="GameCommon.hpp">
      <Filter>Framework</Filter>
    </ClInclude>
    <ClInclude Include="EngineBuildPreferences.hpp">
      <Filter>Framework</Filter>
    </ClInclude>
    <ClInclude Include="Cell.hpp">
      <Filter>CellMaterial</Filter>
    </ClInclude>
    <ClInclude Include="CellMatDef.hpp">
      <Filter>CellMaterial</Filter>
    </ClInclude>
    <ClInclude Include="SandboxMap.hpp">
      <Filter>SandboxMode</Filter>
    </ClInclude>
    <ClInclude Include="SandboxPlayer.hpp">
      <Filter>SandboxMode</Filter>
    </ClInclude>
    <ClInclude Include="CellMatManager.hpp">
      <Filter>CellMaterial</Filter>
    </ClInclude>
    <ClInclude Include="CellBehaviorSystem.hpp">
      <Filter>CellMaterial</Filter>
    </ClInclude>
    <ClInclude Include="SandboxUI.hpp">
      <Filter>SandboxMode</Filter>
    </ClInclude>
    <ClInclude Include="CellChunk.hpp">
      <Filter>CellMaterial</Filter>
    </ClInclude>
    <ClInclude Include="CellBehaviorSystemInChunk.hpp">
      <Filter>CellMaterial</Filter>
    </ClInclude>
    <ClInclude Include="RigidBodyObject.hpp">
      <Filter>RigidBody</Filter>
    </ClInclude>
    <ClInclude Include="Box2DShapeBuilder.hpp">
      <Filter>RigidBody</Filter>
    </ClInclude>
    <ClInclude Include="ShapeConnectivityDetector.hpp">
      <Filter>RigidBody</Filter>
    </ClInclude>
    <ClInclude Include="ChunkUpdateJob.hpp">
      <Filter>Jobs</Filter>
    </ClInclude>
    <ClInclude Include="WangTileMap.hpp">
      <Filter>WangTileMapMode</Filter>
    </ClInclude>
    <ClInclude Include="BaseMap.hpp">
      <Filter>Framework</Filter>
    </ClInclude>
    <ClInclude Include="BasePlayer.hpp">
      <Filter>Framework</Filter>
    </ClInclude>
    <ClInclude Include="SampleImageUtils.hpp">
      <Filter>Utils</Filter>
    </ClInclude>
    <ClInclude Include="Nova2D\Nova2DSystem.hpp">
      <Filter>Nova2D</Filter>
    </ClInclude>
    <ClInclude Include="Nova2D\Nova2DParticle.hpp">
      <Filter>Nova2D</Filter>
    </ClInclude>
    <ClInclude Include="HerringboneTile.hpp">
      <Filter>WangTileMapMode\HerringboneTileStruct</Filter>
    </ClInclude>
    <ClInclude Include="HerringboneMapGenerator.hpp">
      <Filter>WangTileMapMode\HerringboneTileStruct</Filter>
    </ClInclude>
    <ClInclude Include="Nova2D\Nova2DParticleInstance.hpp">
      <Filter>Nova2D</Filter>
    </ClInclude>
    <ClInclude Include="Nova2D\Nova2DEmitterConfig.hpp">
      <Filter>Nova2D</Filter>
    </ClInclude>
    <ClInclude Include="Nova2D\Nova2DEmitter.hpp">
      <Filter>Nova2D</Filter>
    </ClInclude>
    <ClInclude Include="Nova2DTestMap.hpp">
      <Filter>Nova2D\Nova2DEditor</Filter>
    </ClInclude>
    <ClInclude Include="SuperChunk.hpp">
      <Filter>CellMaterial</Filter>
    </ClInclude>
    <ClInclude Include="GameMap.hpp">
      <Filter>WorldMode</Filter>
    </ClInclude>
    <ClInclude Include="GameMapDebugRenderer.hpp">
      <Filter>WorldMode</Filter>
    </ClInclude>
    <ClInclude Include="GamePlayer.hpp">
      <Filter>WorldMode</Filter>
    </ClInclude>
    <ClInclude Include="Nova2D\Nova2DAssetManager.hpp">
      <Filter>Nova2D</Filter>
    </ClInclude>
    <ClInclude Include="PCGTemplate.hpp">
      <Filter>WangTileMapMode\HerringboneTileStruct</Filter>
    </ClInclude>
    <ClInclude Include="RegionBounds.hpp">
      <Filter>WangTileMapMode\Region</Filter>
    </ClInclude>
    <ClInclude Include="RegionGenerationData.hpp">
      <Filter>WangTileMapMode\Region</Filter>
    </ClInclude>
    <ClInclude Include="RegionManager.hpp">
      <Filter>WangTileMapMode\Region</Filter>
    </ClInclude>
    <ClInclude Include="HerringboneMapGenerator_v2.hpp">
      <Filter>WangTileMapMode\Region</Filter>
    </ClInclude>
    <ClInclude Include="RegionGenerationData_v2.hpp">
      <Filter>WangTileMapMode\Region</Filter>
    </ClInclude>
    <ClInclude Include="RegionDefinition.hpp">
      <Filter>WangTileMapMode\Region\RegionDef</Filter>
    </ClInclude>
    <ClInclude Include="RegionDefinitionLoader.hpp">
      <Filter>WangTileMapMode\Region\RegionDef</Filter>
    </ClInclude>
    <ClInclude Include="HerringboneTileset.hpp">
      <Filter>WangTileMapMode\HerringboneTileStruct</Filter>
    </ClInclude>
    <ClInclude Include="ConfigDrivenCellGenerator.hpp">
      <Filter>WangTileMapMode\Region</Filter>
    </ClInclude>
    <ClInclude Include="CellMatBrush.hpp">
      <Filter>UI</Filter>
    </ClInclude>
    <ClInclude Include="ChunkPhysUpdateJob.hpp">
      <Filter>Jobs</Filter>
    </ClInclude>
    <ClInclude Include="ChunkRebuildVertsJob.hpp">
      <Filter>Jobs</Filter>
    </ClInclude>
    <ClInclude Include="ChunkResetUpdateFlagJob.hpp">
      <Filter>Jobs</Filter>
    </ClInclude>
    <ClInclude Include="ChunkChemicalUpdateJob.hpp">
      <Filter>Jobs</Filter>
    </ClInclude>
    <ClInclude Include="RigidbodyManager.hpp">
      <Filter>RigidBody\SandboxMode</Filter>
    </ClInclude>
    <ClInclude Include="RigidBodyObjectPool.hpp">
      <Filter>RigidBody\WorldMode</Filter>
    </ClInclude>
    <ClInclude Include="ChunkRigidBodyManager.hpp">
      <Filter>RigidBody\WorldMode</Filter>
    </ClInclude>
    <ClInclude Include="Box2DDebugDrawManager.hpp">
      <Filter>RigidBody</Filter>
    </ClInclude>
    <ClInclude Include="ChunkRigidBodyDetectionJob.hpp">
      <Filter>Jobs</Filter>
    </ClInclude>
    <ClInclude Include="RigidBodyPrecomputedData.hpp">
      <Filter>RigidBody\WorldMode</Filter>
    </ClInclude>
    <ClInclude Include="Nova2D\Nova2DGPUParticle.hpp">
      <Filter>Nova2D\GPU</Filter>
    </ClInclude>
    <ClInclude Include="Nova2D\Nova2DGPUBuffers.hpp">
      <Filter>Nova2D\GPU</Filter>
    </ClInclude>
    <ClInclude Include="Nova2D\Nova2DEmitterDefinition.hpp">
      <Filter>Nova2D\EmitterNew</Filter>
    </ClInclude>
    <ClInclude Include="Nova2D\Nova2DEmitterPresets.hpp">
      <Filter>Nova2D\EmitterNew</Filter>
    </ClInclude>
    <ClInclude Include="Nova2D\Nova2DEmitterInstance.hpp">
      <Filter>Nova2D\EmitterNew</Filter>
    </ClInclude>
    <ClInclude Include="..\..\Run\Data\Shaders\Nova2DShaders\Nova2DCommon.hlsli">
      <Filter>Nova2D\Nova2DShaders\CS\header</Filter>
    </ClInclude>
    <ClInclude Include="GPUCellData.hpp">
      <Filter>CellMaterial</Filter>
    </ClInclude>
    <ClInclude Include="CellDataCollectJob.hpp">
      <Filter>Jobs</Filter>
    </ClInclude>
    <ClInclude Include="ParallaxBackground.hpp">
      <Filter>WorldMode\ParrallaxBkg</Filter>
    </ClInclude>
    <ClInclude Include="ParallaxBackgroundDebugPanel.hpp">
      <Filter>WorldMode\ParrallaxBkg</Filter>
    </ClInclude>
    <ClInclude Include="ParallaxLayer.hpp">
      <Filter>WorldMode\ParrallaxBkg</Filter>
    </ClInclude>
  </ItemGroup>
  <ItemGroup>
    <FxCompile Include="..\..\Run\Data\Nova2DShaders\Nova2DParticleInstanced.hlsl">
      <Filter>Nova2D\Nova2DShaders</Filter>
    </FxCompile>
    <FxCompile Include="..\..\Run\Data\Nova2DShaders\TestComputeShader.hlsl">
      <Filter>Nova2D\Nova2DShaders</Filter>
    </FxCompile>
    <FxCompile Include="..\..\Run\Data\Shaders\Nova2DShaders\Nova2DEmit.hlsl">
      <Filter>Nova2D\Nova2DShaders\CS</Filter>
    </FxCompile>
    <FxCompile Include="..\..\Run\Data\Shaders\Nova2DShaders\Nova2DPopulateVBO.hlsl">
      <Filter>Nova2D\Nova2DShaders\CS</Filter>
    </FxCompile>
    <FxCompile Include="..\..\Run\Data\Shaders\Nova2DShaders\Nova2DResetCounters.hlsl">
      <Filter>Nova2D\Nova2DShaders\CS</Filter>
    </FxCompile>
    <FxCompile Include="..\..\Run\Data\Shaders\Nova2DShaders\Nova2DUpdate.hlsl">
      <Filter>Nova2D\Nova2DShaders\CS</Filter>
    </FxCompile>
    <FxCompile Include="..\..\Run\Data\Shaders\Nova2DShaders\Nova2DEmit_v2.hlsl">
      <Filter>Nova2D\Nova2DShaders\CS</Filter>
    </FxCompile>
    <FxCompile Include="..\..\Run\Data\Shaders\Nova2DShaders\Nova2DWriteIndirectArgs.hlsl">
      <Filter>Nova2D\Nova2DShaders\CS</Filter>
    </FxCompile>
    <FxCompile Include="..\..\Run\Data\Shaders\Nova2DShaders\Nova2DEmit_v3.hlsl">
      <Filter>Nova2D\Nova2DShaders\CS</Filter>
    </FxCompile>
    <FxCompile Include="..\..\Run\Data\Shaders\Nova2DShaders\Nova2DBindlessRender.hlsl">
      <Filter>Nova2D\Nova2DShaders</Filter>
    </FxCompile>
    <FxCompile Include="..\..\Run\Data\Shaders\CellPopulateVBO.hlsl">
      <Filter>Shaders</Filter>
    </FxCompile>
    <FxCompile Include="..\..\Run\Data\Shaders\CellDrawIndirect.hlsl">
      <Filter>Shaders</Filter>
    </FxCompile>
    <FxCompile Include="..\..\Run\Data\Shaders\BlitWithBloom.hlsl">
      <Filter>Shaders\Bloom</Filter>
    </FxCompile>
    <FxCompile Include="..\..\Run\Data\Shaders\Downsample.hlsl">
      <Filter>Shaders\Bloom</Filter>
    </FxCompile>
    <FxCompile Include="..\..\Run\Data\Shaders\GaussianBlurH.hlsl">
      <Filter>Shaders\Bloom</Filter>
    </FxCompile>
    <FxCompile Include="..\..\Run\Data\Shaders\GaussianBlurV.hlsl">
      <Filter>Shaders\Bloom</Filter>
    </FxCompile>
    <FxCompile Include="..\..\Run\Data\Shaders\UpsampleAdd.hlsl">
      <Filter>Shaders\Bloom</Filter>
    </FxCompile>
  </ItemGroup>
  <ItemGroup>
    <Xml Include="..\..\Run\Data\RegionConfigs\JungleRegion.xml">
      <Filter>ConfigFiles\RegionConfigs</Filter>
    </Xml>
  </ItemGroup>
  <ItemGroup>
    <None Include="..\..\Run\Data\Shaders\Nova2DShaders\Nova2DParticleStruct.hlsli">
      <Filter>Nova2D\Nova2DShaders\CS\header</Filter>
    </None>
    <None Include="..\..\Run\Data\Shaders\Nova2DShaders\Math.hlsli">
      <Filter>Nova2D\Nova2DShaders\CS\header</Filter>
    </None>
    <None Include="..\..\Run\Data\Shaders\Nova2DShaders\RNG.hlsli">
      <Filter>Nova2D\Nova2DShaders\CS\header</Filter>
    </None>
    <None Include="..\..\Run\Data\Shaders\CellGPUStructs.hlsli">
      <Filter>Shaders</Filter>
    </None>
  </ItemGroup>
</Project>