<?xml version="1.0" encoding="utf-8"?>
<Project ToolsVersion="4.0" xmlns="http://schemas.microsoft.com/developer/msbuild/2003">
  <ItemGroup>
    <Filter Include="Framework">
      <UniqueIdentifier>{4FC737F1-C7A5-4376-A066-2A32D752A2FF}</UniqueIdentifier>
      <Extensions>cpp;c;cc;cxx;c++;cppm;ixx;def;odl;idl;hpj;bat;asm;asmx</Extensions>
    </Filter>
    <Filter Include="SandboxMode">
      <UniqueIdentifier>{e382f90c-715d-4fc6-8317-9a6ff68e03cb}</UniqueIdentifier>
    </Filter>
    <Filter Include="CellMaterial">
      <UniqueIdentifier>{59d52b49-9772-4ac0-a1eb-8f745964c73e}</UniqueIdentifier>
    </Filter>
    <Filter Include="RigidBody">
      <UniqueIdentifier>{9d307c1d-097b-43bf-8e95-4d97a3f4675d}</UniqueIdentifier>
    </Filter>
    <Filter Include="Jobs">
      <UniqueIdentifier>{04c40fde-e1ac-4394-b98e-5a98010958a3}</UniqueIdentifier>
    </Filter>
    <Filter Include="WangTileMapMode">
      <UniqueIdentifier>{0bbbf371-aa67-4bc0-a90e-89bd72f77c74}</UniqueIdentifier>
    </Filter>
    <Filter Include="PCG">
      <UniqueIdentifier>{fda71529-c25c-4a9d-87fb-70bf54ab973b}</UniqueIdentifier>
    </Filter>
    <Filter Include="Utils">
      <UniqueIdentifier>{adae1ccc-0257-4bc8-8fc1-edcfe2891511}</UniqueIdentifier>
    </Filter>
    <Filter Include="Nova2D">
      <UniqueIdentifier>{79c45180-0c30-48d7-86b2-df21d4a6349e}</UniqueIdentifier>
    </Filter>
    <Filter Include="WangTileMapMode\HerringboneTileStruct">
      <UniqueIdentifier>{6c8f1428-ae79-4d96-9c1d-4b1ebd6463d1}</UniqueIdentifier>
    </Filter>
    <Filter Include="Nova2D\Nova2DShaders">
      <UniqueIdentifier>{1d8aaa62-51ef-432e-b6e2-7c7b90600d4d}</UniqueIdentifier>
    </Filter>
  </ItemGroup>
  <ItemGroup>
    <ClCompile Include="Main_Windows.cpp">
      <Filter>Framework</Filter>
    </ClCompile>
    <ClCompile Include="App.cpp">
      <Filter>Framework</Filter>
    </ClCompile>
    <ClCompile Include="Game.cpp">
      <Filter>Framework</Filter>
    </ClCompile>
    <ClCompile Include="GameCommon.cpp">
      <Filter>Framework</Filter>
    </ClCompile>
    <ClCompile Include="SandboxMap.cpp">
      <Filter>SandboxMode</Filter>
    </ClCompile>
    <ClCompile Include="SandboxPlayer.cpp">
      <Filter>SandboxMode</Filter>
    </ClCompile>
    <ClCompile Include="CellMatManager.cpp">
      <Filter>CellMaterial</Filter>
    </ClCompile>
    <ClCompile Include="SandboxUI.cpp">
      <Filter>SandboxMode</Filter>
    </ClCompile>
    <ClCompile Include="CellChunk.cpp">
      <Filter>CellMaterial</Filter>
    </ClCompile>
    <ClCompile Include="CellBehaviorSystemInChunk.cpp">
      <Filter>CellMaterial</Filter>
    </ClCompile>
    <ClCompile Include="Box2DShapeBuilder.cpp">
      <Filter>RigidBody</Filter>
    </ClCompile>
    <ClCompile Include="RigidbodyManager.cpp">
      <Filter>RigidBody</Filter>
    </ClCompile>
    <ClCompile Include="RigidBodyObject.cpp">
      <Filter>RigidBody</Filter>
    </ClCompile>
    <ClCompile Include="ChunkUpdateJob.cpp">
      <Filter>Jobs</Filter>
    </ClCompile>
    <ClCompile Include="WangTileMap.cpp">
      <Filter>WangTileMapMode</Filter>
    </ClCompile>
    <ClCompile Include="BaseMap.cpp">
      <Filter>Framework</Filter>
    </ClCompile>
    <ClCompile Include="CellBehaviorSystem.cpp">
      <Filter>CellMaterial</Filter>
    </ClCompile>
    <ClCompile Include="BasePlayer.cpp">
      <Filter>Framework</Filter>
    </ClCompile>
    <ClCompile Include="SampleImageUtils.cpp">
      <Filter>Utils</Filter>
    </ClCompile>
    <ClCompile Include="Nova2D\Nova2DSystem.cpp">
      <Filter>Nova2D</Filter>
    </ClCompile>
    <ClCompile Include="HerringboneTile.cpp">
      <Filter>WangTileMapMode\HerringboneTileStruct</Filter>
    </ClCompile>
    <ClCompile Include="HerringboneTileset.cpp">
      <Filter>WangTileMapMode\HerringboneTileStruct</Filter>
    </ClCompile>
    <ClCompile Include="HerringboneMapGenerator.cpp">
      <Filter>WangTileMapMode\HerringboneTileStruct</Filter>
    </ClCompile>
  </ItemGroup>
  <ItemGroup>
    <ClInclude Include="App.hpp">
      <Filter>Framework</Filter>
    </ClInclude>
    <ClInclude Include="Game.hpp">
      <Filter>Framework</Filter>
    </ClInclude>
    <ClInclude Include="GameCommon.hpp">
      <Filter>Framework</Filter>
    </ClInclude>
    <ClInclude Include="EngineBuildPreferences.hpp">
      <Filter>Framework</Filter>
    </ClInclude>
    <ClInclude Include="Cell.hpp">
      <Filter>CellMaterial</Filter>
    </ClInclude>
    <ClInclude Include="CellMatDef.hpp">
      <Filter>CellMaterial</Filter>
    </ClInclude>
    <ClInclude Include="SandboxMap.hpp">
      <Filter>SandboxMode</Filter>
    </ClInclude>
    <ClInclude Include="SandboxPlayer.hpp">
      <Filter>SandboxMode</Filter>
    </ClInclude>
    <ClInclude Include="CellMatManager.hpp">
      <Filter>CellMaterial</Filter>
    </ClInclude>
    <ClInclude Include="CellBehaviorSystem.hpp">
      <Filter>CellMaterial</Filter>
    </ClInclude>
    <ClInclude Include="SandboxUI.hpp">
      <Filter>SandboxMode</Filter>
    </ClInclude>
    <ClInclude Include="CellChunk.hpp">
      <Filter>CellMaterial</Filter>
    </ClInclude>
    <ClInclude Include="CellBehaviorSystemInChunk.hpp">
      <Filter>CellMaterial</Filter>
    </ClInclude>
    <ClInclude Include="RigidBodyObject.hpp">
      <Filter>RigidBody</Filter>
    </ClInclude>
    <ClInclude Include="RigidbodyManager.hpp">
      <Filter>RigidBody</Filter>
    </ClInclude>
    <ClInclude Include="Box2DShapeBuilder.hpp">
      <Filter>RigidBody</Filter>
    </ClInclude>
    <ClInclude Include="ShapeConnectivityDetector.hpp">
      <Filter>RigidBody</Filter>
    </ClInclude>
    <ClInclude Include="ChunkUpdateJob.hpp">
      <Filter>Jobs</Filter>
    </ClInclude>
    <ClInclude Include="WangTileMap.hpp">
      <Filter>WangTileMapMode</Filter>
    </ClInclude>
    <ClInclude Include="BaseMap.hpp">
      <Filter>Framework</Filter>
    </ClInclude>
    <ClInclude Include="BasePlayer.hpp">
      <Filter>Framework</Filter>
    </ClInclude>
    <ClInclude Include="PCGTemplate.hpp">
      <Filter>PCG</Filter>
    </ClInclude>
    <ClInclude Include="SampleImageUtils.hpp">
      <Filter>Utils</Filter>
    </ClInclude>
    <ClInclude Include="Nova2D\Nova2DSystem.hpp">
      <Filter>Nova2D</Filter>
    </ClInclude>
    <ClInclude Include="Nova2D\Nova2DParticle.hpp">
      <Filter>Nova2D</Filter>
    </ClInclude>
    <ClInclude Include="HerringboneTile.hpp">
      <Filter>WangTileMapMode\HerringboneTileStruct</Filter>
    </ClInclude>
    <ClInclude Include="HerringboneTileset.hpp">
      <Filter>WangTileMapMode\HerringboneTileStruct</Filter>
    </ClInclude>
    <ClInclude Include="HerringboneMapGenerator.hpp">
      <Filter>WangTileMapMode\HerringboneTileStruct</Filter>
    </ClInclude>
    <ClInclude Include="Nova2D\Nova2DParticleInstance.hpp">
      <Filter>Nova2D</Filter>
    </ClInclude>
  </ItemGroup>
  <ItemGroup>
    <FxCompile Include="..\..\Run\Data\Nova2DShaders\Nova2DParticleInstanced.hlsl">
      <Filter>Nova2D\Nova2DShaders</Filter>
    </FxCompile>
  </ItemGroup>
</Project>